// !$*UTF8*$!
{
	archiveVersion = 1;
	classes = {
	};
	objectVersion = 60;
	objects = {

/* Begin PBXBuildFile section */
		43331E5D2B1DF36B0015E70F /* AppDelegate.swift in Sources */ = {isa = PBXBuildFile; fileRef = 43331E5C2B1DF36B0015E70F /* AppDelegate.swift */; };
		43331E5F2B1DF36B0015E70F /* SceneDelegate.swift in Sources */ = {isa = PBXBuildFile; fileRef = 43331E5E2B1DF36B0015E70F /* SceneDelegate.swift */; };
		43331E612B1DF36B0015E70F /* MainViewController.swift in Sources */ = {isa = PBXBuildFile; fileRef = 43331E602B1DF36B0015E70F /* MainViewController.swift */; };
		43331E662B1DF36C0015E70F /* Assets.xcassets in Resources */ = {isa = PBXBuildFile; fileRef = 43331E652B1DF36C0015E70F /* Assets.xcassets */; };
		43331E692B1DF36C0015E70F /* LaunchScreen.storyboard in Resources */ = {isa = PBXBuildFile; fileRef = 43331E672B1DF36C0015E70F /* LaunchScreen.storyboard */; };
		43331E732B1DF9D30015E70F /* Router.swift in Sources */ = {isa = PBXBuildFile; fileRef = 43331E722B1DF9D30015E70F /* Router.swift */; };
		43331E982B1E5AE20015E70F /* SnapKit in Frameworks */ = {isa = PBXBuildFile; productRef = 43331E972B1E5AE20015E70F /* SnapKit */; };
		43331E9A2B1E5AE20015E70F /* SnapKit-Dynamic in Frameworks */ = {isa = PBXBuildFile; productRef = 43331E992B1E5AE20015E70F /* SnapKit-Dynamic */; };
		43331E9D2B1E5AF00015E70F /* Kingfisher in Frameworks */ = {isa = PBXBuildFile; productRef = 43331E9C2B1E5AF00015E70F /* Kingfisher */; };
		43331EA52B1F835F0015E70F /* NetworkService in Frameworks */ = {isa = PBXBuildFile; productRef = 43331EA42B1F835F0015E70F /* NetworkService */; };
		438B63F22B20C28E00B9F04F /* AppTabBarController.swift in Sources */ = {isa = PBXBuildFile; fileRef = 438B63F12B20C28E00B9F04F /* AppTabBarController.swift */; };
		438B63F62B20C2F500B9F04F /* CategoriesViewController.swift in Sources */ = {isa = PBXBuildFile; fileRef = 438B63F52B20C2F500B9F04F /* CategoriesViewController.swift */; };
		438B63F82B20C32D00B9F04F /* FavoritesViewController.swift in Sources */ = {isa = PBXBuildFile; fileRef = 438B63F72B20C32D00B9F04F /* FavoritesViewController.swift */; };
		777851272B1FC1A900899704 /* OnboardingPresenter.swift in Sources */ = {isa = PBXBuildFile; fileRef = 777851262B1FC1A900899704 /* OnboardingPresenter.swift */; };
		777851292B1FC1B000899704 /* OnboardingViewController.swift in Sources */ = {isa = PBXBuildFile; fileRef = 777851282B1FC1B000899704 /* OnboardingViewController.swift */; };
		7778512B2B1FC1B600899704 /* OnboardingRouter.swift in Sources */ = {isa = PBXBuildFile; fileRef = 7778512A2B1FC1B600899704 /* OnboardingRouter.swift */; };
		777851302B1FC23F00899704 /* OnboardingProtocols.swift in Sources */ = {isa = PBXBuildFile; fileRef = 7778512F2B1FC23F00899704 /* OnboardingProtocols.swift */; };
		777851322B1FC42B00899704 /* UIApplication+Extension.swift in Sources */ = {isa = PBXBuildFile; fileRef = 777851312B1FC42B00899704 /* UIApplication+Extension.swift */; };
		777851352B1FC54C00899704 /* CollectionCell.swift in Sources */ = {isa = PBXBuildFile; fileRef = 777851342B1FC54C00899704 /* CollectionCell.swift */; };
		777851392B1FC93300899704 /* UILabel+Extension.swift in Sources */ = {isa = PBXBuildFile; fileRef = 777851382B1FC93300899704 /* UILabel+Extension.swift */; };
		7778513C2B1FCAEE00899704 /* DefaultButton.swift in Sources */ = {isa = PBXBuildFile; fileRef = 7778513B2B1FCAEE00899704 /* DefaultButton.swift */; };
		7778513E2B1FCF1F00899704 /* Images.swift in Sources */ = {isa = PBXBuildFile; fileRef = 7778513D2B1FCF1F00899704 /* Images.swift */; };
		777851412B1FD72900899704 /* UserDefaultService.swift in Sources */ = {isa = PBXBuildFile; fileRef = 777851402B1FD72900899704 /* UserDefaultService.swift */; };
		777851432B1FD83100899704 /* Colors.xcassets in Resources */ = {isa = PBXBuildFile; fileRef = 777851422B1FD83100899704 /* Colors.xcassets */; };
		777851452B1FD89F00899704 /* Colors.swift in Sources */ = {isa = PBXBuildFile; fileRef = 777851442B1FD89F00899704 /* Colors.swift */; };
		77C3243A2B1E6F9400343476 /* NetworkService in Frameworks */ = {isa = PBXBuildFile; productRef = 77C324392B1E6F9400343476 /* NetworkService */; };
		77C324422B1E821E00343476 /* SearchBooksEntity.swift in Sources */ = {isa = PBXBuildFile; fileRef = 77C324412B1E821E00343476 /* SearchBooksEntity.swift */; };
		77C324452B1E824F00343476 /* SearchBooksRequest.swift in Sources */ = {isa = PBXBuildFile; fileRef = 77C324442B1E824F00343476 /* SearchBooksRequest.swift */; };
		77CDA0DF2B1FDBAF00E1A043 /* ConfigureProtocol.swift in Sources */ = {isa = PBXBuildFile; fileRef = 77CDA0DE2B1FDBAF00E1A043 /* ConfigureProtocol.swift */; };
		77CDA0E12B21164800E1A043 /* BookProtocols.swift in Sources */ = {isa = PBXBuildFile; fileRef = 77CDA0E02B21164800E1A043 /* BookProtocols.swift */; };
		77CDA0E32B21164C00E1A043 /* BookPresenter.swift in Sources */ = {isa = PBXBuildFile; fileRef = 77CDA0E22B21164C00E1A043 /* BookPresenter.swift */; };
		77CDA0E52B21165100E1A043 /* BookViewController.swift in Sources */ = {isa = PBXBuildFile; fileRef = 77CDA0E42B21165100E1A043 /* BookViewController.swift */; };
		77CDA0E72B21165400E1A043 /* BookRouter.swift in Sources */ = {isa = PBXBuildFile; fileRef = 77CDA0E62B21165400E1A043 /* BookRouter.swift */; };
		77CDA0EB2B21188C00E1A043 /* BookHeaderView.swift in Sources */ = {isa = PBXBuildFile; fileRef = 77CDA0EA2B21188C00E1A043 /* BookHeaderView.swift */; };
		77CDA0EE2B2119DF00E1A043 /* TableCell.swift in Sources */ = {isa = PBXBuildFile; fileRef = 77CDA0ED2B2119DF00E1A043 /* TableCell.swift */; };
		77CDA0F02B211D0300E1A043 /* SpaceCell.swift in Sources */ = {isa = PBXBuildFile; fileRef = 77CDA0EF2B211D0300E1A043 /* SpaceCell.swift */; };
		77DA2CF52B226A4100BB0233 /* AccountPresenter.swift in Sources */ = {isa = PBXBuildFile; fileRef = 77DA2CF42B226A4100BB0233 /* AccountPresenter.swift */; };
		77DA2CF72B226A4600BB0233 /* AccountProtocols.swift in Sources */ = {isa = PBXBuildFile; fileRef = 77DA2CF62B226A4600BB0233 /* AccountProtocols.swift */; };
		77DA2CF92B226A4E00BB0233 /* AccountViewController.swift in Sources */ = {isa = PBXBuildFile; fileRef = 77DA2CF82B226A4E00BB0233 /* AccountViewController.swift */; };
		77DA2CFB2B226A5200BB0233 /* AccountRouter.swift in Sources */ = {isa = PBXBuildFile; fileRef = 77DA2CFA2B226A5200BB0233 /* AccountRouter.swift */; };
		77DA2CFD2B226C3C00BB0233 /* AvatarView.swift in Sources */ = {isa = PBXBuildFile; fileRef = 77DA2CFC2B226C3C00BB0233 /* AvatarView.swift */; };
		77DA2D002B226F3400BB0233 /* NamedTextField.swift in Sources */ = {isa = PBXBuildFile; fileRef = 77DA2CFF2B226F3400BB0233 /* NamedTextField.swift */; };
		77DA2D022B227B0300BB0233 /* UIImage+Extension.swift in Sources */ = {isa = PBXBuildFile; fileRef = 77DA2D012B227B0300BB0233 /* UIImage+Extension.swift */; };
		77E5B9E82B1F6A6F004BA4AA /* SubjectRequest.swift in Sources */ = {isa = PBXBuildFile; fileRef = 77E5B9E72B1F6A6F004BA4AA /* SubjectRequest.swift */; };
		77E5B9EA2B1F6AE8004BA4AA /* SubjectEntity.swift in Sources */ = {isa = PBXBuildFile; fileRef = 77E5B9E92B1F6AE8004BA4AA /* SubjectEntity.swift */; };
		77E5B9EC2B1F6B55004BA4AA /* DocEntity.swift in Sources */ = {isa = PBXBuildFile; fileRef = 77E5B9EB2B1F6B55004BA4AA /* DocEntity.swift */; };
		77E5B9F02B1F7264004BA4AA /* BookRequest.swift in Sources */ = {isa = PBXBuildFile; fileRef = 77E5B9EF2B1F7264004BA4AA /* BookRequest.swift */; };
		77E5B9F22B1F72B2004BA4AA /* BookEntity.swift in Sources */ = {isa = PBXBuildFile; fileRef = 77E5B9F12B1F72B2004BA4AA /* BookEntity.swift */; };
		E017433B2B23E8CB00A6D473 /* MainViewModel.swift in Sources */ = {isa = PBXBuildFile; fileRef = E017433A2B23E8CB00A6D473 /* MainViewModel.swift */; };
		E017433D2B23F00900A6D473 /* MainViewPresenter.swift in Sources */ = {isa = PBXBuildFile; fileRef = E017433C2B23F00900A6D473 /* MainViewPresenter.swift */; };
		E017433F2B24B16D00A6D473 /* MainViewRouter.swift in Sources */ = {isa = PBXBuildFile; fileRef = E017433E2B24B16D00A6D473 /* MainViewRouter.swift */; };
		E01743422B24C6C200A6D473 /* MainBookView.swift in Sources */ = {isa = PBXBuildFile; fileRef = E01743412B24C6C200A6D473 /* MainBookView.swift */; };
		E01743442B26615100A6D473 /* LabelButtonTableCell.swift in Sources */ = {isa = PBXBuildFile; fileRef = E01743432B26615100A6D473 /* LabelButtonTableCell.swift */; };
		E01743462B26825D00A6D473 /* BooksCollectionViewCell.swift in Sources */ = {isa = PBXBuildFile; fileRef = E01743452B26825D00A6D473 /* BooksCollectionViewCell.swift */; };
		E01743482B2682F900A6D473 /* BookCollectionViewCell.swift in Sources */ = {isa = PBXBuildFile; fileRef = E01743472B2682F900A6D473 /* BookCollectionViewCell.swift */; };
		E017434A2B28FD6D00A6D473 /* ButtonStackTableCell.swift in Sources */ = {isa = PBXBuildFile; fileRef = E01743492B28FD6D00A6D473 /* ButtonStackTableCell.swift */; };
		E017434C2B290C9700A6D473 /* MainViewProtocols.swift in Sources */ = {isa = PBXBuildFile; fileRef = E017434B2B290C9700A6D473 /* MainViewProtocols.swift */; };
		E017434E2B2B598000A6D473 /* BooksListRequest.swift in Sources */ = {isa = PBXBuildFile; fileRef = E017434D2B2B598000A6D473 /* BooksListRequest.swift */; };
		E01743502B2B5B3000A6D473 /* BooksListEntity.swift in Sources */ = {isa = PBXBuildFile; fileRef = E017434F2B2B5B3000A6D473 /* BooksListEntity.swift */; };
		E01743522B2D05FA00A6D473 /* DocsEntity.swift in Sources */ = {isa = PBXBuildFile; fileRef = E01743512B2D05FA00A6D473 /* DocsEntity.swift */; };
/* End PBXBuildFile section */

/* Begin PBXFileReference section */
		43331E592B1DF36B0015E70F /* BookstoreAppChallenge.app */ = {isa = PBXFileReference; explicitFileType = wrapper.application; includeInIndex = 0; path = BookstoreAppChallenge.app; sourceTree = BUILT_PRODUCTS_DIR; };
		43331E5C2B1DF36B0015E70F /* AppDelegate.swift */ = {isa = PBXFileReference; lastKnownFileType = sourcecode.swift; path = AppDelegate.swift; sourceTree = "<group>"; };
		43331E5E2B1DF36B0015E70F /* SceneDelegate.swift */ = {isa = PBXFileReference; lastKnownFileType = sourcecode.swift; path = SceneDelegate.swift; sourceTree = "<group>"; };
		43331E602B1DF36B0015E70F /* MainViewController.swift */ = {isa = PBXFileReference; lastKnownFileType = sourcecode.swift; path = MainViewController.swift; sourceTree = "<group>"; };
		43331E652B1DF36C0015E70F /* Assets.xcassets */ = {isa = PBXFileReference; lastKnownFileType = folder.assetcatalog; path = Assets.xcassets; sourceTree = "<group>"; };
		43331E682B1DF36C0015E70F /* Base */ = {isa = PBXFileReference; lastKnownFileType = file.storyboard; name = Base; path = Base.lproj/LaunchScreen.storyboard; sourceTree = "<group>"; };
		43331E6A2B1DF36C0015E70F /* Info.plist */ = {isa = PBXFileReference; lastKnownFileType = text.plist.xml; path = Info.plist; sourceTree = "<group>"; };
		43331E722B1DF9D30015E70F /* Router.swift */ = {isa = PBXFileReference; lastKnownFileType = sourcecode.swift; path = Router.swift; sourceTree = "<group>"; };
		438B63F12B20C28E00B9F04F /* AppTabBarController.swift */ = {isa = PBXFileReference; fileEncoding = 4; lastKnownFileType = sourcecode.swift; path = AppTabBarController.swift; sourceTree = "<group>"; };
		438B63F52B20C2F500B9F04F /* CategoriesViewController.swift */ = {isa = PBXFileReference; fileEncoding = 4; lastKnownFileType = sourcecode.swift; name = CategoriesViewController.swift; path = BookstoreAppChallenge/CategoriesScreen/View/CategoriesViewController.swift; sourceTree = SOURCE_ROOT; };
		438B63F72B20C32D00B9F04F /* FavoritesViewController.swift */ = {isa = PBXFileReference; fileEncoding = 4; lastKnownFileType = sourcecode.swift; name = FavoritesViewController.swift; path = BookstoreAppChallenge/FavoritesScreen/FavoritesViewController.swift; sourceTree = SOURCE_ROOT; };
		777851262B1FC1A900899704 /* OnboardingPresenter.swift */ = {isa = PBXFileReference; lastKnownFileType = sourcecode.swift; path = OnboardingPresenter.swift; sourceTree = "<group>"; };
		777851282B1FC1B000899704 /* OnboardingViewController.swift */ = {isa = PBXFileReference; lastKnownFileType = sourcecode.swift; path = OnboardingViewController.swift; sourceTree = "<group>"; };
		7778512A2B1FC1B600899704 /* OnboardingRouter.swift */ = {isa = PBXFileReference; lastKnownFileType = sourcecode.swift; path = OnboardingRouter.swift; sourceTree = "<group>"; };
		7778512F2B1FC23F00899704 /* OnboardingProtocols.swift */ = {isa = PBXFileReference; lastKnownFileType = sourcecode.swift; path = OnboardingProtocols.swift; sourceTree = "<group>"; };
		777851312B1FC42B00899704 /* UIApplication+Extension.swift */ = {isa = PBXFileReference; lastKnownFileType = sourcecode.swift; path = "UIApplication+Extension.swift"; sourceTree = "<group>"; };
		777851342B1FC54C00899704 /* CollectionCell.swift */ = {isa = PBXFileReference; lastKnownFileType = sourcecode.swift; path = CollectionCell.swift; sourceTree = "<group>"; };
		777851382B1FC93300899704 /* UILabel+Extension.swift */ = {isa = PBXFileReference; lastKnownFileType = sourcecode.swift; path = "UILabel+Extension.swift"; sourceTree = "<group>"; };
		7778513B2B1FCAEE00899704 /* DefaultButton.swift */ = {isa = PBXFileReference; lastKnownFileType = sourcecode.swift; path = DefaultButton.swift; sourceTree = "<group>"; };
		7778513D2B1FCF1F00899704 /* Images.swift */ = {isa = PBXFileReference; lastKnownFileType = sourcecode.swift; path = Images.swift; sourceTree = "<group>"; };
		777851402B1FD72900899704 /* UserDefaultService.swift */ = {isa = PBXFileReference; lastKnownFileType = sourcecode.swift; path = UserDefaultService.swift; sourceTree = "<group>"; };
		777851422B1FD83100899704 /* Colors.xcassets */ = {isa = PBXFileReference; lastKnownFileType = folder.assetcatalog; path = Colors.xcassets; sourceTree = "<group>"; };
		777851442B1FD89F00899704 /* Colors.swift */ = {isa = PBXFileReference; lastKnownFileType = sourcecode.swift; path = Colors.swift; sourceTree = "<group>"; };
		77C324382B1E6F4200343476 /* NetworkService */ = {isa = PBXFileReference; lastKnownFileType = wrapper; path = NetworkService; sourceTree = "<group>"; };
		77C324412B1E821E00343476 /* SearchBooksEntity.swift */ = {isa = PBXFileReference; lastKnownFileType = sourcecode.swift; path = SearchBooksEntity.swift; sourceTree = "<group>"; };
		77C324442B1E824F00343476 /* SearchBooksRequest.swift */ = {isa = PBXFileReference; lastKnownFileType = sourcecode.swift; path = SearchBooksRequest.swift; sourceTree = "<group>"; };
		77CDA0DE2B1FDBAF00E1A043 /* ConfigureProtocol.swift */ = {isa = PBXFileReference; lastKnownFileType = sourcecode.swift; path = ConfigureProtocol.swift; sourceTree = "<group>"; };
		77CDA0E02B21164800E1A043 /* BookProtocols.swift */ = {isa = PBXFileReference; lastKnownFileType = sourcecode.swift; path = BookProtocols.swift; sourceTree = "<group>"; };
		77CDA0E22B21164C00E1A043 /* BookPresenter.swift */ = {isa = PBXFileReference; lastKnownFileType = sourcecode.swift; path = BookPresenter.swift; sourceTree = "<group>"; };
		77CDA0E42B21165100E1A043 /* BookViewController.swift */ = {isa = PBXFileReference; lastKnownFileType = sourcecode.swift; path = BookViewController.swift; sourceTree = "<group>"; };
		77CDA0E62B21165400E1A043 /* BookRouter.swift */ = {isa = PBXFileReference; lastKnownFileType = sourcecode.swift; path = BookRouter.swift; sourceTree = "<group>"; };
		77CDA0EA2B21188C00E1A043 /* BookHeaderView.swift */ = {isa = PBXFileReference; lastKnownFileType = sourcecode.swift; path = BookHeaderView.swift; sourceTree = "<group>"; };
		77CDA0ED2B2119DF00E1A043 /* TableCell.swift */ = {isa = PBXFileReference; lastKnownFileType = sourcecode.swift; path = TableCell.swift; sourceTree = "<group>"; };
		77CDA0EF2B211D0300E1A043 /* SpaceCell.swift */ = {isa = PBXFileReference; lastKnownFileType = sourcecode.swift; path = SpaceCell.swift; sourceTree = "<group>"; };
		77DA2CF42B226A4100BB0233 /* AccountPresenter.swift */ = {isa = PBXFileReference; lastKnownFileType = sourcecode.swift; path = AccountPresenter.swift; sourceTree = "<group>"; };
		77DA2CF62B226A4600BB0233 /* AccountProtocols.swift */ = {isa = PBXFileReference; lastKnownFileType = sourcecode.swift; path = AccountProtocols.swift; sourceTree = "<group>"; };
		77DA2CF82B226A4E00BB0233 /* AccountViewController.swift */ = {isa = PBXFileReference; lastKnownFileType = sourcecode.swift; path = AccountViewController.swift; sourceTree = "<group>"; };
		77DA2CFA2B226A5200BB0233 /* AccountRouter.swift */ = {isa = PBXFileReference; lastKnownFileType = sourcecode.swift; path = AccountRouter.swift; sourceTree = "<group>"; };
		77DA2CFC2B226C3C00BB0233 /* AvatarView.swift */ = {isa = PBXFileReference; lastKnownFileType = sourcecode.swift; path = AvatarView.swift; sourceTree = "<group>"; };
		77DA2CFF2B226F3400BB0233 /* NamedTextField.swift */ = {isa = PBXFileReference; lastKnownFileType = sourcecode.swift; path = NamedTextField.swift; sourceTree = "<group>"; };
		77DA2D012B227B0300BB0233 /* UIImage+Extension.swift */ = {isa = PBXFileReference; lastKnownFileType = sourcecode.swift; path = "UIImage+Extension.swift"; sourceTree = "<group>"; };
		77E5B9E72B1F6A6F004BA4AA /* SubjectRequest.swift */ = {isa = PBXFileReference; lastKnownFileType = sourcecode.swift; path = SubjectRequest.swift; sourceTree = "<group>"; };
		77E5B9E92B1F6AE8004BA4AA /* SubjectEntity.swift */ = {isa = PBXFileReference; lastKnownFileType = sourcecode.swift; path = SubjectEntity.swift; sourceTree = "<group>"; };
		77E5B9EB2B1F6B55004BA4AA /* DocEntity.swift */ = {isa = PBXFileReference; lastKnownFileType = sourcecode.swift; path = DocEntity.swift; sourceTree = "<group>"; };
		77E5B9EF2B1F7264004BA4AA /* BookRequest.swift */ = {isa = PBXFileReference; lastKnownFileType = sourcecode.swift; path = BookRequest.swift; sourceTree = "<group>"; };
		77E5B9F12B1F72B2004BA4AA /* BookEntity.swift */ = {isa = PBXFileReference; lastKnownFileType = sourcecode.swift; path = BookEntity.swift; sourceTree = "<group>"; };
		E017433A2B23E8CB00A6D473 /* MainViewModel.swift */ = {isa = PBXFileReference; lastKnownFileType = sourcecode.swift; path = MainViewModel.swift; sourceTree = "<group>"; };
		E017433C2B23F00900A6D473 /* MainViewPresenter.swift */ = {isa = PBXFileReference; lastKnownFileType = sourcecode.swift; path = MainViewPresenter.swift; sourceTree = "<group>"; };
		E017433E2B24B16D00A6D473 /* MainViewRouter.swift */ = {isa = PBXFileReference; lastKnownFileType = sourcecode.swift; path = MainViewRouter.swift; sourceTree = "<group>"; };
		E01743412B24C6C200A6D473 /* MainBookView.swift */ = {isa = PBXFileReference; lastKnownFileType = sourcecode.swift; path = MainBookView.swift; sourceTree = "<group>"; };
		E01743432B26615100A6D473 /* LabelButtonTableCell.swift */ = {isa = PBXFileReference; lastKnownFileType = sourcecode.swift; path = LabelButtonTableCell.swift; sourceTree = "<group>"; };
		E01743452B26825D00A6D473 /* BooksCollectionViewCell.swift */ = {isa = PBXFileReference; lastKnownFileType = sourcecode.swift; path = BooksCollectionViewCell.swift; sourceTree = "<group>"; };
		E01743472B2682F900A6D473 /* BookCollectionViewCell.swift */ = {isa = PBXFileReference; lastKnownFileType = sourcecode.swift; path = BookCollectionViewCell.swift; sourceTree = "<group>"; };
		E01743492B28FD6D00A6D473 /* ButtonStackTableCell.swift */ = {isa = PBXFileReference; lastKnownFileType = sourcecode.swift; path = ButtonStackTableCell.swift; sourceTree = "<group>"; };
		E017434B2B290C9700A6D473 /* MainViewProtocols.swift */ = {isa = PBXFileReference; lastKnownFileType = sourcecode.swift; path = MainViewProtocols.swift; sourceTree = "<group>"; };
		E017434D2B2B598000A6D473 /* BooksListRequest.swift */ = {isa = PBXFileReference; lastKnownFileType = sourcecode.swift; path = BooksListRequest.swift; sourceTree = "<group>"; };
		E017434F2B2B5B3000A6D473 /* BooksListEntity.swift */ = {isa = PBXFileReference; lastKnownFileType = sourcecode.swift; path = BooksListEntity.swift; sourceTree = "<group>"; };
		E01743512B2D05FA00A6D473 /* DocsEntity.swift */ = {isa = PBXFileReference; lastKnownFileType = sourcecode.swift; path = DocsEntity.swift; sourceTree = "<group>"; };
/* End PBXFileReference section */

/* Begin PBXFrameworksBuildPhase section */
		43331E562B1DF36B0015E70F /* Frameworks */ = {
			isa = PBXFrameworksBuildPhase;
			buildActionMask = 2147483647;
			files = (
				43331E9D2B1E5AF00015E70F /* Kingfisher in Frameworks */,
				43331E982B1E5AE20015E70F /* SnapKit in Frameworks */,
				43331EA52B1F835F0015E70F /* NetworkService in Frameworks */,
				43331E9A2B1E5AE20015E70F /* SnapKit-Dynamic in Frameworks */,
				77C3243A2B1E6F9400343476 /* NetworkService in Frameworks */,
			);
			runOnlyForDeploymentPostprocessing = 0;
		};
/* End PBXFrameworksBuildPhase section */

/* Begin PBXGroup section */
		43331E502B1DF36B0015E70F = {
			isa = PBXGroup;
			children = (
				77C324382B1E6F4200343476 /* NetworkService */,
				43331E5B2B1DF36B0015E70F /* BookstoreAppChallenge */,
				43331E5A2B1DF36B0015E70F /* Products */,
				77C324322B1E6E4400343476 /* Frameworks */,
			);
			sourceTree = "<group>";
		};
		43331E5A2B1DF36B0015E70F /* Products */ = {
			isa = PBXGroup;
			children = (
				43331E592B1DF36B0015E70F /* BookstoreAppChallenge.app */,
			);
			name = Products;
			sourceTree = "<group>";
		};
		43331E5B2B1DF36B0015E70F /* BookstoreAppChallenge */ = {
			isa = PBXGroup;
			children = (
				43331E712B1DF4100015E70F /* App */,
				7778512E2B1FC22F00899704 /* OnboardingScreen */,
				43331E742B1DF9F00015E70F /* MainScreen */,
				43331E752B1DFA170015E70F /* CategoriesScreen */,
				43331E772B1DFA7E0015E70F /* BooksScreen */,
				43331E782B1DFA8C0015E70F /* FavoritesScreen */,
				43331E792B1DFAB60015E70F /* AccountScreen */,
				43331E702B1DF4010015E70F /* Supporting Files */,
				7778513F2B1FD72000899704 /* Services */,
				777851332B1FC45000899704 /* Extensions */,
				7778513A2B1FCADA00899704 /* Views */,
			);
			path = BookstoreAppChallenge;
			sourceTree = "<group>";
		};
		43331E702B1DF4010015E70F /* Supporting Files */ = {
			isa = PBXGroup;
			children = (
				43331E652B1DF36C0015E70F /* Assets.xcassets */,
				777851422B1FD83100899704 /* Colors.xcassets */,
				43331E672B1DF36C0015E70F /* LaunchScreen.storyboard */,
				43331E6A2B1DF36C0015E70F /* Info.plist */,
				7778513D2B1FCF1F00899704 /* Images.swift */,
				777851442B1FD89F00899704 /* Colors.swift */,
			);
			path = "Supporting Files";
			sourceTree = "<group>";
		};
		43331E712B1DF4100015E70F /* App */ = {
			isa = PBXGroup;
			children = (
				43331E5C2B1DF36B0015E70F /* AppDelegate.swift */,
				43331E5E2B1DF36B0015E70F /* SceneDelegate.swift */,
				43331E722B1DF9D30015E70F /* Router.swift */,
				438B63F12B20C28E00B9F04F /* AppTabBarController.swift */,
			);
			path = App;
			sourceTree = "<group>";
		};
		43331E742B1DF9F00015E70F /* MainScreen */ = {
			isa = PBXGroup;
			children = (
				E01743402B24C6A300A6D473 /* Views */,
				43331E7A2B1DFB1A0015E70F /* Model */,
				43331E7B2B1DFB220015E70F /* View */,
				43331E7C2B1DFB280015E70F /* Presenter */,
				E017433E2B24B16D00A6D473 /* MainViewRouter.swift */,
				E017434B2B290C9700A6D473 /* MainViewProtocols.swift */,
				E01743452B26825D00A6D473 /* BooksCollectionViewCell.swift */,
				E01743472B2682F900A6D473 /* BookCollectionViewCell.swift */,
			);
			path = MainScreen;
			sourceTree = "<group>";
		};
		43331E752B1DFA170015E70F /* CategoriesScreen */ = {
			isa = PBXGroup;
			children = (
				43331E822B1DFB890015E70F /* Model */,
				43331E812B1DFB830015E70F /* View */,
				43331E802B1DFB7C0015E70F /* Presenter */,
			);
			path = CategoriesScreen;
			sourceTree = "<group>";
		};
		43331E772B1DFA7E0015E70F /* BooksScreen */ = {
			isa = PBXGroup;
			children = (
				77CDA0E02B21164800E1A043 /* BookProtocols.swift */,
				77CDA0E22B21164C00E1A043 /* BookPresenter.swift */,
				77CDA0E42B21165100E1A043 /* BookViewController.swift */,
				77CDA0E62B21165400E1A043 /* BookRouter.swift */,
				77CDA0EC2B2118E800E1A043 /* Views */,
			);
			path = BooksScreen;
			sourceTree = "<group>";
		};
		43331E782B1DFA8C0015E70F /* FavoritesScreen */ = {
			isa = PBXGroup;
			children = (
				43331E882B1DFBB60015E70F /* Model */,
				43331E872B1DFBAF0015E70F /* View */,
				43331E862B1DFBA60015E70F /* Presenter */,
			);
			path = FavoritesScreen;
			sourceTree = "<group>";
		};
		43331E792B1DFAB60015E70F /* AccountScreen */ = {
			isa = PBXGroup;
			children = (
				77DA2CF42B226A4100BB0233 /* AccountPresenter.swift */,
				77DA2CF82B226A4E00BB0233 /* AccountViewController.swift */,
				77DA2CFA2B226A5200BB0233 /* AccountRouter.swift */,
				77DA2CF62B226A4600BB0233 /* AccountProtocols.swift */,
				77DA2CFE2B226C4200BB0233 /* Views */,
			);
			path = AccountScreen;
			sourceTree = "<group>";
		};
		43331E7A2B1DFB1A0015E70F /* Model */ = {
			isa = PBXGroup;
			children = (
				E017433A2B23E8CB00A6D473 /* MainViewModel.swift */,
			);
			path = Model;
			sourceTree = "<group>";
		};
		43331E7B2B1DFB220015E70F /* View */ = {
			isa = PBXGroup;
			children = (
				43331E602B1DF36B0015E70F /* MainViewController.swift */,
			);
			path = View;
			sourceTree = "<group>";
		};
		43331E7C2B1DFB280015E70F /* Presenter */ = {
			isa = PBXGroup;
			children = (
				E017433C2B23F00900A6D473 /* MainViewPresenter.swift */,
			);
			path = Presenter;
			sourceTree = "<group>";
		};
		43331E802B1DFB7C0015E70F /* Presenter */ = {
			isa = PBXGroup;
			children = (
			);
			path = Presenter;
			sourceTree = "<group>";
		};
		43331E812B1DFB830015E70F /* View */ = {
			isa = PBXGroup;
			children = (
				438B63F52B20C2F500B9F04F /* CategoriesViewController.swift */,
			);
			path = View;
			sourceTree = "<group>";
		};
		43331E822B1DFB890015E70F /* Model */ = {
			isa = PBXGroup;
			children = (
			);
			path = Model;
			sourceTree = "<group>";
		};
		43331E862B1DFBA60015E70F /* Presenter */ = {
			isa = PBXGroup;
			children = (
			);
			path = Presenter;
			sourceTree = "<group>";
		};
		43331E872B1DFBAF0015E70F /* View */ = {
			isa = PBXGroup;
			children = (
				438B63F72B20C32D00B9F04F /* FavoritesViewController.swift */,
			);
			path = View;
			sourceTree = "<group>";
		};
		43331E882B1DFBB60015E70F /* Model */ = {
			isa = PBXGroup;
			children = (
			);
			path = Model;
			sourceTree = "<group>";
		};
		7778512E2B1FC22F00899704 /* OnboardingScreen */ = {
			isa = PBXGroup;
			children = (
				777851262B1FC1A900899704 /* OnboardingPresenter.swift */,
				777851282B1FC1B000899704 /* OnboardingViewController.swift */,
				7778512A2B1FC1B600899704 /* OnboardingRouter.swift */,
				7778512F2B1FC23F00899704 /* OnboardingProtocols.swift */,
			);
			path = OnboardingScreen;
			sourceTree = "<group>";
		};
		777851332B1FC45000899704 /* Extensions */ = {
			isa = PBXGroup;
			children = (
				777851312B1FC42B00899704 /* UIApplication+Extension.swift */,
				777851382B1FC93300899704 /* UILabel+Extension.swift */,
				77DA2D012B227B0300BB0233 /* UIImage+Extension.swift */,
			);
			path = Extensions;
			sourceTree = "<group>";
		};
		7778513A2B1FCADA00899704 /* Views */ = {
			isa = PBXGroup;
			children = (
				777851342B1FC54C00899704 /* CollectionCell.swift */,
				77CDA0EF2B211D0300E1A043 /* SpaceCell.swift */,
				77CDA0ED2B2119DF00E1A043 /* TableCell.swift */,
				7778513B2B1FCAEE00899704 /* DefaultButton.swift */,
				77CDA0DE2B1FDBAF00E1A043 /* ConfigureProtocol.swift */,
				E01743432B26615100A6D473 /* LabelButtonTableCell.swift */,
				E01743492B28FD6D00A6D473 /* ButtonStackTableCell.swift */,
			);
			path = Views;
			sourceTree = "<group>";
		};
		7778513F2B1FD72000899704 /* Services */ = {
			isa = PBXGroup;
			children = (
				77C3243E2B1E81D700343476 /* Network */,
				777851402B1FD72900899704 /* UserDefaultService.swift */,
			);
			path = Services;
			sourceTree = "<group>";
		};
		77C324322B1E6E4400343476 /* Frameworks */ = {
			isa = PBXGroup;
			children = (
			);
			name = Frameworks;
			sourceTree = "<group>";
		};
		77C3243E2B1E81D700343476 /* Network */ = {
			isa = PBXGroup;
			children = (
				77C324462B1E825200343476 /* Requests */,
				77C324432B1E824600343476 /* Entity */,
			);
			path = Network;
			sourceTree = "<group>";
		};
		77C324432B1E824600343476 /* Entity */ = {
			isa = PBXGroup;
			children = (
				77C324412B1E821E00343476 /* SearchBooksEntity.swift */,
				E017434F2B2B5B3000A6D473 /* BooksListEntity.swift */,
				77E5B9EB2B1F6B55004BA4AA /* DocEntity.swift */,
				E01743512B2D05FA00A6D473 /* DocsEntity.swift */,
				77E5B9F12B1F72B2004BA4AA /* BookEntity.swift */,
				77E5B9E92B1F6AE8004BA4AA /* SubjectEntity.swift */,
			);
			path = Entity;
			sourceTree = "<group>";
		};
		77C324462B1E825200343476 /* Requests */ = {
			isa = PBXGroup;
			children = (
				77C324442B1E824F00343476 /* SearchBooksRequest.swift */,
				77E5B9E72B1F6A6F004BA4AA /* SubjectRequest.swift */,
				77E5B9EF2B1F7264004BA4AA /* BookRequest.swift */,
				E017434D2B2B598000A6D473 /* BooksListRequest.swift */,
			);
			path = Requests;
			sourceTree = "<group>";
		};
		77CDA0EC2B2118E800E1A043 /* Views */ = {
			isa = PBXGroup;
			children = (
				77CDA0EA2B21188C00E1A043 /* BookHeaderView.swift */,
			);
			path = Views;
			sourceTree = "<group>";
		};
		77DA2CFE2B226C4200BB0233 /* Views */ = {
			isa = PBXGroup;
			children = (
				77DA2CFC2B226C3C00BB0233 /* AvatarView.swift */,
				77DA2CFF2B226F3400BB0233 /* NamedTextField.swift */,
			);
			path = Views;
			sourceTree = "<group>";
		};
		E01743402B24C6A300A6D473 /* Views */ = {
			isa = PBXGroup;
			children = (
				E01743412B24C6C200A6D473 /* MainBookView.swift */,
			);
			path = Views;
			sourceTree = "<group>";
		};
/* End PBXGroup section */

/* Begin PBXNativeTarget section */
		43331E582B1DF36B0015E70F /* BookstoreAppChallenge */ = {
			isa = PBXNativeTarget;
			buildConfigurationList = 43331E6D2B1DF36C0015E70F /* Build configuration list for PBXNativeTarget "BookstoreAppChallenge" */;
			buildPhases = (
				43331E552B1DF36B0015E70F /* Sources */,
				43331E562B1DF36B0015E70F /* Frameworks */,
				43331E572B1DF36B0015E70F /* Resources */,
			);
			buildRules = (
			);
			dependencies = (
			);
			name = BookstoreAppChallenge;
			packageProductDependencies = (
				43331E972B1E5AE20015E70F /* SnapKit */,
				43331E992B1E5AE20015E70F /* SnapKit-Dynamic */,
				43331E9C2B1E5AF00015E70F /* Kingfisher */,
				77C324392B1E6F9400343476 /* NetworkService */,
				43331EA42B1F835F0015E70F /* NetworkService */,
			);
			productName = BookstoreAppChallenge;
			productReference = 43331E592B1DF36B0015E70F /* BookstoreAppChallenge.app */;
			productType = "com.apple.product-type.application";
		};
/* End PBXNativeTarget section */

/* Begin PBXProject section */
		43331E512B1DF36B0015E70F /* Project object */ = {
			isa = PBXProject;
			attributes = {
				BuildIndependentTargetsInParallel = 1;
				LastSwiftUpdateCheck = 1500;
				LastUpgradeCheck = 1500;
				TargetAttributes = {
					43331E582B1DF36B0015E70F = {
						CreatedOnToolsVersion = 15.0.1;
					};
				};
			};
			buildConfigurationList = 43331E542B1DF36B0015E70F /* Build configuration list for PBXProject "BookstoreAppChallenge" */;
			compatibilityVersion = "Xcode 14.0";
			developmentRegion = en;
			hasScannedForEncodings = 0;
			knownRegions = (
				en,
				Base,
			);
			mainGroup = 43331E502B1DF36B0015E70F;
			packageReferences = (
				43331E962B1E5AE20015E70F /* XCRemoteSwiftPackageReference "SnapKit" */,
				43331E9B2B1E5AF00015E70F /* XCRemoteSwiftPackageReference "Kingfisher" */,
				77C3243B2B1E71BF00343476 /* XCRemoteSwiftPackageReference "Alamofire" */,
				43331EA32B1F835F0015E70F /* XCLocalSwiftPackageReference "NetworkService" */,
			);
			productRefGroup = 43331E5A2B1DF36B0015E70F /* Products */;
			projectDirPath = "";
			projectRoot = "";
			targets = (
				43331E582B1DF36B0015E70F /* BookstoreAppChallenge */,
			);
		};
/* End PBXProject section */

/* Begin PBXResourcesBuildPhase section */
		43331E572B1DF36B0015E70F /* Resources */ = {
			isa = PBXResourcesBuildPhase;
			buildActionMask = 2147483647;
			files = (
				777851432B1FD83100899704 /* Colors.xcassets in Resources */,
				43331E692B1DF36C0015E70F /* LaunchScreen.storyboard in Resources */,
				43331E662B1DF36C0015E70F /* Assets.xcassets in Resources */,
			);
			runOnlyForDeploymentPostprocessing = 0;
		};
/* End PBXResourcesBuildPhase section */

/* Begin PBXSourcesBuildPhase section */
		43331E552B1DF36B0015E70F /* Sources */ = {
			isa = PBXSourcesBuildPhase;
			buildActionMask = 2147483647;
			files = (
				777851302B1FC23F00899704 /* OnboardingProtocols.swift in Sources */,
				77DA2CF72B226A4600BB0233 /* AccountProtocols.swift in Sources */,
				438B63F82B20C32D00B9F04F /* FavoritesViewController.swift in Sources */,
				E01743462B26825D00A6D473 /* BooksCollectionViewCell.swift in Sources */,
				777851452B1FD89F00899704 /* Colors.swift in Sources */,
				777851292B1FC1B000899704 /* OnboardingViewController.swift in Sources */,
				77DA2CFB2B226A5200BB0233 /* AccountRouter.swift in Sources */,
				777851322B1FC42B00899704 /* UIApplication+Extension.swift in Sources */,
				43331E732B1DF9D30015E70F /* Router.swift in Sources */,
				E01743482B2682F900A6D473 /* BookCollectionViewCell.swift in Sources */,
				77E5B9E82B1F6A6F004BA4AA /* SubjectRequest.swift in Sources */,
				7778512B2B1FC1B600899704 /* OnboardingRouter.swift in Sources */,
				43331E612B1DF36B0015E70F /* MainViewController.swift in Sources */,
				777851272B1FC1A900899704 /* OnboardingPresenter.swift in Sources */,
				777851392B1FC93300899704 /* UILabel+Extension.swift in Sources */,
				77E5B9EA2B1F6AE8004BA4AA /* SubjectEntity.swift in Sources */,
				E017433F2B24B16D00A6D473 /* MainViewRouter.swift in Sources */,
				77CDA0E32B21164C00E1A043 /* BookPresenter.swift in Sources */,
				438B63F62B20C2F500B9F04F /* CategoriesViewController.swift in Sources */,
				77CDA0E72B21165400E1A043 /* BookRouter.swift in Sources */,
				77E5B9EC2B1F6B55004BA4AA /* DocEntity.swift in Sources */,
				E01743522B2D05FA00A6D473 /* DocsEntity.swift in Sources */,
				77C324422B1E821E00343476 /* SearchBooksEntity.swift in Sources */,
				77CDA0F02B211D0300E1A043 /* SpaceCell.swift in Sources */,
				77CDA0EE2B2119DF00E1A043 /* TableCell.swift in Sources */,
				E017434E2B2B598000A6D473 /* BooksListRequest.swift in Sources */,
				777851352B1FC54C00899704 /* CollectionCell.swift in Sources */,
				E01743442B26615100A6D473 /* LabelButtonTableCell.swift in Sources */,
				77E5B9F22B1F72B2004BA4AA /* BookEntity.swift in Sources */,
				E017433D2B23F00900A6D473 /* MainViewPresenter.swift in Sources */,
				E017434C2B290C9700A6D473 /* MainViewProtocols.swift in Sources */,
				77C324452B1E824F00343476 /* SearchBooksRequest.swift in Sources */,
				7778513C2B1FCAEE00899704 /* DefaultButton.swift in Sources */,
				77CDA0DF2B1FDBAF00E1A043 /* ConfigureProtocol.swift in Sources */,
				43331E5D2B1DF36B0015E70F /* AppDelegate.swift in Sources */,
				E01743422B24C6C200A6D473 /* MainBookView.swift in Sources */,
				77DA2D022B227B0300BB0233 /* UIImage+Extension.swift in Sources */,
				77DA2D002B226F3400BB0233 /* NamedTextField.swift in Sources */,
				E01743502B2B5B3000A6D473 /* BooksListEntity.swift in Sources */,
				77DA2CFD2B226C3C00BB0233 /* AvatarView.swift in Sources */,
				E017433B2B23E8CB00A6D473 /* MainViewModel.swift in Sources */,
				77DA2CF92B226A4E00BB0233 /* AccountViewController.swift in Sources */,
				7778513E2B1FCF1F00899704 /* Images.swift in Sources */,
				77E5B9F02B1F7264004BA4AA /* BookRequest.swift in Sources */,
				438B63F22B20C28E00B9F04F /* AppTabBarController.swift in Sources */,
				777851412B1FD72900899704 /* UserDefaultService.swift in Sources */,
				77CDA0E52B21165100E1A043 /* BookViewController.swift in Sources */,
				77DA2CF52B226A4100BB0233 /* AccountPresenter.swift in Sources */,
				77CDA0E12B21164800E1A043 /* BookProtocols.swift in Sources */,
				43331E5F2B1DF36B0015E70F /* SceneDelegate.swift in Sources */,
				77CDA0EB2B21188C00E1A043 /* BookHeaderView.swift in Sources */,
				E017434A2B28FD6D00A6D473 /* ButtonStackTableCell.swift in Sources */,
			);
			runOnlyForDeploymentPostprocessing = 0;
		};
/* End PBXSourcesBuildPhase section */

/* Begin PBXVariantGroup section */
		43331E672B1DF36C0015E70F /* LaunchScreen.storyboard */ = {
			isa = PBXVariantGroup;
			children = (
				43331E682B1DF36C0015E70F /* Base */,
			);
			name = LaunchScreen.storyboard;
			sourceTree = "<group>";
		};
/* End PBXVariantGroup section */

/* Begin XCBuildConfiguration section */
		43331E6B2B1DF36C0015E70F /* Debug */ = {
			isa = XCBuildConfiguration;
			buildSettings = {
				ALWAYS_SEARCH_USER_PATHS = NO;
				ASSETCATALOG_COMPILER_GENERATE_SWIFT_ASSET_SYMBOL_EXTENSIONS = YES;
				CLANG_ANALYZER_NONNULL = YES;
				CLANG_ANALYZER_NUMBER_OBJECT_CONVERSION = YES_AGGRESSIVE;
				CLANG_CXX_LANGUAGE_STANDARD = "gnu++20";
				CLANG_ENABLE_MODULES = YES;
				CLANG_ENABLE_OBJC_ARC = YES;
				CLANG_ENABLE_OBJC_WEAK = YES;
				CLANG_WARN_BLOCK_CAPTURE_AUTORELEASING = YES;
				CLANG_WARN_BOOL_CONVERSION = YES;
				CLANG_WARN_COMMA = YES;
				CLANG_WARN_CONSTANT_CONVERSION = YES;
				CLANG_WARN_DEPRECATED_OBJC_IMPLEMENTATIONS = YES;
				CLANG_WARN_DIRECT_OBJC_ISA_USAGE = YES_ERROR;
				CLANG_WARN_DOCUMENTATION_COMMENTS = YES;
				CLANG_WARN_EMPTY_BODY = YES;
				CLANG_WARN_ENUM_CONVERSION = YES;
				CLANG_WARN_INFINITE_RECURSION = YES;
				CLANG_WARN_INT_CONVERSION = YES;
				CLANG_WARN_NON_LITERAL_NULL_CONVERSION = YES;
				CLANG_WARN_OBJC_IMPLICIT_RETAIN_SELF = YES;
				CLANG_WARN_OBJC_LITERAL_CONVERSION = YES;
				CLANG_WARN_OBJC_ROOT_CLASS = YES_ERROR;
				CLANG_WARN_QUOTED_INCLUDE_IN_FRAMEWORK_HEADER = YES;
				CLANG_WARN_RANGE_LOOP_ANALYSIS = YES;
				CLANG_WARN_STRICT_PROTOTYPES = YES;
				CLANG_WARN_SUSPICIOUS_MOVE = YES;
				CLANG_WARN_UNGUARDED_AVAILABILITY = YES_AGGRESSIVE;
				CLANG_WARN_UNREACHABLE_CODE = YES;
				CLANG_WARN__DUPLICATE_METHOD_MATCH = YES;
				COPY_PHASE_STRIP = NO;
				DEBUG_INFORMATION_FORMAT = dwarf;
				ENABLE_STRICT_OBJC_MSGSEND = YES;
				ENABLE_TESTABILITY = YES;
				ENABLE_USER_SCRIPT_SANDBOXING = YES;
				GCC_C_LANGUAGE_STANDARD = gnu17;
				GCC_DYNAMIC_NO_PIC = NO;
				GCC_NO_COMMON_BLOCKS = YES;
				GCC_OPTIMIZATION_LEVEL = 0;
				GCC_PREPROCESSOR_DEFINITIONS = (
					"DEBUG=1",
					"$(inherited)",
				);
				GCC_WARN_64_TO_32_BIT_CONVERSION = YES;
				GCC_WARN_ABOUT_RETURN_TYPE = YES_ERROR;
				GCC_WARN_UNDECLARED_SELECTOR = YES;
				GCC_WARN_UNINITIALIZED_AUTOS = YES_AGGRESSIVE;
				GCC_WARN_UNUSED_FUNCTION = YES;
				GCC_WARN_UNUSED_VARIABLE = YES;
				IPHONEOS_DEPLOYMENT_TARGET = 15.0;
				LOCALIZATION_PREFERS_STRING_CATALOGS = YES;
				MTL_ENABLE_DEBUG_INFO = INCLUDE_SOURCE;
				MTL_FAST_MATH = YES;
				ONLY_ACTIVE_ARCH = YES;
				SDKROOT = iphoneos;
				SWIFT_ACTIVE_COMPILATION_CONDITIONS = "DEBUG $(inherited)";
				SWIFT_OPTIMIZATION_LEVEL = "-Onone";
			};
			name = Debug;
		};
		43331E6C2B1DF36C0015E70F /* Release */ = {
			isa = XCBuildConfiguration;
			buildSettings = {
				ALWAYS_SEARCH_USER_PATHS = NO;
				ASSETCATALOG_COMPILER_GENERATE_SWIFT_ASSET_SYMBOL_EXTENSIONS = YES;
				CLANG_ANALYZER_NONNULL = YES;
				CLANG_ANALYZER_NUMBER_OBJECT_CONVERSION = YES_AGGRESSIVE;
				CLANG_CXX_LANGUAGE_STANDARD = "gnu++20";
				CLANG_ENABLE_MODULES = YES;
				CLANG_ENABLE_OBJC_ARC = YES;
				CLANG_ENABLE_OBJC_WEAK = YES;
				CLANG_WARN_BLOCK_CAPTURE_AUTORELEASING = YES;
				CLANG_WARN_BOOL_CONVERSION = YES;
				CLANG_WARN_COMMA = YES;
				CLANG_WARN_CONSTANT_CONVERSION = YES;
				CLANG_WARN_DEPRECATED_OBJC_IMPLEMENTATIONS = YES;
				CLANG_WARN_DIRECT_OBJC_ISA_USAGE = YES_ERROR;
				CLANG_WARN_DOCUMENTATION_COMMENTS = YES;
				CLANG_WARN_EMPTY_BODY = YES;
				CLANG_WARN_ENUM_CONVERSION = YES;
				CLANG_WARN_INFINITE_RECURSION = YES;
				CLANG_WARN_INT_CONVERSION = YES;
				CLANG_WARN_NON_LITERAL_NULL_CONVERSION = YES;
				CLANG_WARN_OBJC_IMPLICIT_RETAIN_SELF = YES;
				CLANG_WARN_OBJC_LITERAL_CONVERSION = YES;
				CLANG_WARN_OBJC_ROOT_CLASS = YES_ERROR;
				CLANG_WARN_QUOTED_INCLUDE_IN_FRAMEWORK_HEADER = YES;
				CLANG_WARN_RANGE_LOOP_ANALYSIS = YES;
				CLANG_WARN_STRICT_PROTOTYPES = YES;
				CLANG_WARN_SUSPICIOUS_MOVE = YES;
				CLANG_WARN_UNGUARDED_AVAILABILITY = YES_AGGRESSIVE;
				CLANG_WARN_UNREACHABLE_CODE = YES;
				CLANG_WARN__DUPLICATE_METHOD_MATCH = YES;
				COPY_PHASE_STRIP = NO;
				DEBUG_INFORMATION_FORMAT = "dwarf-with-dsym";
				ENABLE_NS_ASSERTIONS = NO;
				ENABLE_STRICT_OBJC_MSGSEND = YES;
				ENABLE_USER_SCRIPT_SANDBOXING = YES;
				GCC_C_LANGUAGE_STANDARD = gnu17;
				GCC_NO_COMMON_BLOCKS = YES;
				GCC_WARN_64_TO_32_BIT_CONVERSION = YES;
				GCC_WARN_ABOUT_RETURN_TYPE = YES_ERROR;
				GCC_WARN_UNDECLARED_SELECTOR = YES;
				GCC_WARN_UNINITIALIZED_AUTOS = YES_AGGRESSIVE;
				GCC_WARN_UNUSED_FUNCTION = YES;
				GCC_WARN_UNUSED_VARIABLE = YES;
				IPHONEOS_DEPLOYMENT_TARGET = 15.0;
				LOCALIZATION_PREFERS_STRING_CATALOGS = YES;
				MTL_ENABLE_DEBUG_INFO = NO;
				MTL_FAST_MATH = YES;
				SDKROOT = iphoneos;
				SWIFT_COMPILATION_MODE = wholemodule;
				VALIDATE_PRODUCT = YES;
			};
			name = Release;
		};
		43331E6E2B1DF36C0015E70F /* Debug */ = {
			isa = XCBuildConfiguration;
			buildSettings = {
				ASSETCATALOG_COMPILER_APPICON_NAME = AppIcon;
				ASSETCATALOG_COMPILER_GLOBAL_ACCENT_COLOR_NAME = AccentColor;
				CODE_SIGN_STYLE = Automatic;
				CURRENT_PROJECT_VERSION = 1;
				DEVELOPMENT_TEAM = QL72V7DXZH;
				GENERATE_INFOPLIST_FILE = YES;
				INFOPLIST_FILE = "BookstoreAppChallenge/Supporting Files/Info.plist";
				INFOPLIST_KEY_UIApplicationSupportsIndirectInputEvents = YES;
				INFOPLIST_KEY_UILaunchStoryboardName = LaunchScreen;
				INFOPLIST_KEY_UIMainStoryboardFile = "";
				INFOPLIST_KEY_UISupportedInterfaceOrientations = UIInterfaceOrientationPortrait;
				IPHONEOS_DEPLOYMENT_TARGET = 15.0;
				LD_RUNPATH_SEARCH_PATHS = (
					"$(inherited)",
					"@executable_path/Frameworks",
				);
				MARKETING_VERSION = 1.0;
				PRODUCT_BUNDLE_IDENTIFIER = yo1901.personal.BookstoreAppChallenge;
				PRODUCT_NAME = "$(TARGET_NAME)";
				SUPPORTED_PLATFORMS = "iphoneos iphonesimulator";
				SUPPORTS_MACCATALYST = NO;
				SUPPORTS_MAC_DESIGNED_FOR_IPHONE_IPAD = NO;
				SWIFT_EMIT_LOC_STRINGS = YES;
				SWIFT_VERSION = 5.0;
				TARGETED_DEVICE_FAMILY = 1;
			};
			name = Debug;
		};
		43331E6F2B1DF36C0015E70F /* Release */ = {
			isa = XCBuildConfiguration;
			buildSettings = {
				ASSETCATALOG_COMPILER_APPICON_NAME = AppIcon;
				ASSETCATALOG_COMPILER_GLOBAL_ACCENT_COLOR_NAME = AccentColor;
				CODE_SIGN_STYLE = Automatic;
				CURRENT_PROJECT_VERSION = 1;
				DEVELOPMENT_TEAM = QL72V7DXZH;
				GENERATE_INFOPLIST_FILE = YES;
				INFOPLIST_FILE = "BookstoreAppChallenge/Supporting Files/Info.plist";
				INFOPLIST_KEY_UIApplicationSupportsIndirectInputEvents = YES;
				INFOPLIST_KEY_UILaunchStoryboardName = LaunchScreen;
				INFOPLIST_KEY_UIMainStoryboardFile = "";
				INFOPLIST_KEY_UISupportedInterfaceOrientations = UIInterfaceOrientationPortrait;
				IPHONEOS_DEPLOYMENT_TARGET = 15.0;
				LD_RUNPATH_SEARCH_PATHS = (
					"$(inherited)",
					"@executable_path/Frameworks",
				);
				MARKETING_VERSION = 1.0;
				PRODUCT_BUNDLE_IDENTIFIER = yo1901.personal.BookstoreAppChallenge;
				PRODUCT_NAME = "$(TARGET_NAME)";
				SUPPORTED_PLATFORMS = "iphoneos iphonesimulator";
				SUPPORTS_MACCATALYST = NO;
				SUPPORTS_MAC_DESIGNED_FOR_IPHONE_IPAD = NO;
				SWIFT_EMIT_LOC_STRINGS = YES;
				SWIFT_VERSION = 5.0;
				TARGETED_DEVICE_FAMILY = 1;
			};
			name = Release;
		};
/* End XCBuildConfiguration section */

/* Begin XCConfigurationList section */
		43331E542B1DF36B0015E70F /* Build configuration list for PBXProject "BookstoreAppChallenge" */ = {
			isa = XCConfigurationList;
			buildConfigurations = (
				43331E6B2B1DF36C0015E70F /* Debug */,
				43331E6C2B1DF36C0015E70F /* Release */,
			);
			defaultConfigurationIsVisible = 0;
			defaultConfigurationName = Release;
		};
		43331E6D2B1DF36C0015E70F /* Build configuration list for PBXNativeTarget "BookstoreAppChallenge" */ = {
			isa = XCConfigurationList;
			buildConfigurations = (
				43331E6E2B1DF36C0015E70F /* Debug */,
				43331E6F2B1DF36C0015E70F /* Release */,
			);
			defaultConfigurationIsVisible = 0;
			defaultConfigurationName = Release;
		};
/* End XCConfigurationList section */

/* Begin XCLocalSwiftPackageReference section */
		43331EA32B1F835F0015E70F /* XCLocalSwiftPackageReference "NetworkService" */ = {
			isa = XCLocalSwiftPackageReference;
			relativePath = NetworkService;
		};
/* End XCLocalSwiftPackageReference section */

/* Begin XCRemoteSwiftPackageReference section */
		43331E962B1E5AE20015E70F /* XCRemoteSwiftPackageReference "SnapKit" */ = {
			isa = XCRemoteSwiftPackageReference;
			repositoryURL = "https://github.com/SnapKit/SnapKit.git";
			requirement = {
				kind = upToNextMajorVersion;
				minimumVersion = 5.6.0;
			};
		};
		43331E9B2B1E5AF00015E70F /* XCRemoteSwiftPackageReference "Kingfisher" */ = {
			isa = XCRemoteSwiftPackageReference;
			repositoryURL = "https://github.com/onevcat/Kingfisher.git";
			requirement = {
				kind = upToNextMajorVersion;
				minimumVersion = 7.10.0;
			};
		};
		77C3243B2B1E71BF00343476 /* XCRemoteSwiftPackageReference "Alamofire" */ = {
			isa = XCRemoteSwiftPackageReference;
			repositoryURL = "https://github.com/Alamofire/Alamofire.git";
			requirement = {
				kind = exactVersion;
				version = 5.8.1;
			};
		};
/* End XCRemoteSwiftPackageReference section */

/* Begin XCSwiftPackageProductDependency section */
		43331E972B1E5AE20015E70F /* SnapKit */ = {
			isa = XCSwiftPackageProductDependency;
			package = 43331E962B1E5AE20015E70F /* XCRemoteSwiftPackageReference "SnapKit" */;
			productName = SnapKit;
		};
		43331E992B1E5AE20015E70F /* SnapKit-Dynamic */ = {
			isa = XCSwiftPackageProductDependency;
			package = 43331E962B1E5AE20015E70F /* XCRemoteSwiftPackageReference "SnapKit" */;
			productName = "SnapKit-Dynamic";
		};
		43331E9C2B1E5AF00015E70F /* Kingfisher */ = {
			isa = XCSwiftPackageProductDependency;
			package = 43331E9B2B1E5AF00015E70F /* XCRemoteSwiftPackageReference "Kingfisher" */;
			productName = Kingfisher;
		};
		43331EA42B1F835F0015E70F /* NetworkService */ = {
			isa = XCSwiftPackageProductDependency;
			productName = NetworkService;
		};
		77C324392B1E6F9400343476 /* NetworkService */ = {
			isa = XCSwiftPackageProductDependency;
			productName = NetworkService;
		};
/* End XCSwiftPackageProductDependency section */
	};
	rootObject = 43331E512B1DF36B0015E70F /* Project object */;
}
